
Microsoft Visual Studio Solution File, Format Version 11.00
# Visual Studio 2010
Project("{FAE04EC0-301F-11D3-BF4B-00C04F79EFBC}") = "PersonnelManagementSystem", "PersonnelManagementSystem\PersonnelManagementSystem.csproj", "{D6127A66-82AB-4F1B-99A5-B04630876852}"
EndProject
Global
	GlobalSection(SolutionConfigurationPlatforms) = preSolution
		Debug|x86 = Debug|x86
		Release|x86 = Release|x86
	EndGlobalSection
	GlobalSection(ProjectConfigurationPlatforms) = postSolution
		{D6127A66-82AB-4F1B-99A5-B04630876852}.Debug|x86.ActiveCfg = Debug|x86
		{D6127A66-82AB-4F1B-99A5-B04630876852}.Debug|x86.Build.0 = Debug|x86
		{D6127A66-82AB-4F1B-99A5-B04630876852}.Release|x86.ActiveCfg = Release|x86
		{D6127A66-82AB-4F1B-99A5-B04630876852}.Release|x86.Build.0 = Release|x86
	EndGlobalSection
	GlobalSection(SolutionProperties) = preSolution
		HideSolutionNode = FALSE
	EndGlobalSection
EndGlobal
